
Microsoft Visual Studio Solution File, Format Version 12.00
# Visual Studio Version 17
VisualStudioVersion = 17.11.35219.272
MinimumVisualStudioVersion = 10.0.40219.1
Project("{FAE04EC0-301F-11D3-BF4B-00C04F79EFBC}") = "App", "App\App.csproj", "{D829EA94-A440-4188-8DFA-BDF748BE108E}"
EndProject
Project("{FAE04EC0-301F-11D3-BF4B-00C04F79EFBC}") = "Common", "Common\Common.csproj", "{9050BED1-1399-43AE-9E19-3ED2A663C128}"
EndProject
Global
	GlobalSection(SolutionConfigurationPlatforms) = preSolution
		Debug|Any CPU = Debug|Any CPU
		Release|Any CPU = Release|Any CPU
	EndGlobalSection
	GlobalSection(ProjectConfigurationPlatforms) = postSolution
		{D829EA94-A440-4188-8DFA-BDF748BE108E}.Debug|Any CPU.ActiveCfg = Debug|Any CPU
		{D829EA94-A440-4188-8DFA-BDF748BE108E}.Debug|Any CPU.Build.0 = Debug|Any CPU
		{D829EA94-A440-4188-8DFA-BDF748BE108E}.Release|Any CPU.ActiveCfg = Release|Any CPU
		{D829EA94-A440-4188-8DFA-BDF748BE108E}.Release|Any CPU.Build.0 = Release|Any CPU
		{9050BED1-1399-43AE-9E19-3ED2A663C128}.Debug|Any CPU.ActiveCfg = Debug|Any CPU
		{9050BED1-1399-43AE-9E19-3ED2A663C128}.Debug|Any CPU.Build.0 = Debug|Any CPU
		{9050BED1-1399-43AE-9E19-3ED2A663C128}.Release|Any CPU.ActiveCfg = Release|Any CPU
		{9050BED1-1399-43AE-9E19-3ED2A663C128}.Release|Any CPU.Build.0 = Release|Any CPU
	EndGlobalSection
	GlobalSection(SolutionProperties) = preSolution
		HideSolutionNode = FALSE
	EndGlobalSection
	GlobalSection(ExtensibilityGlobals) = postSolution
		SolutionGuid = {4548A683-51C5-407E-AECD-00E41C001E65}
	EndGlobalSection
EndGlobal
